{"SurveyEntry":{"SurveyID":"SV_eKlnDbC8FELlZ3w","SurveyName":"Dissertation Template","SurveyDescription":null,"SurveyOwnerID":"UR_3mG9BJbT9WBAA4J","SurveyBrandID":"universityofsussex","DivisionID":null,"SurveyLanguage":"EN","SurveyActiveResponseSet":"RS_6LPPw9HvnPjrVlA","SurveyStatus":"Inactive","SurveyStartDate":"0000-00-00 00:00:00","SurveyExpirationDate":"0000-00-00 00:00:00","SurveyCreationDate":"2023-10-27 10:20:54","CreatorID":"UR_3mG9BJbT9WBAA4J","LastModified":"2023-12-13 10:34:54","LastAccessed":"0000-00-00 00:00:00","LastActivated":"0000-00-00 00:00:00","Deleted":null},"SurveyElements":[{"SurveyID":"SV_eKlnDbC8FELlZ3w","Element":"BL","PrimaryAttribute":"Survey Blocks","SecondaryAttribute":null,"TertiaryAttribute":null,"Payload":[{"Type":"Default","Description":"info_consent","ID":"BL_b1S6eDHAOC4NTwy","BlockElements":[{"Type":"Question","QuestionID":"QID2"},{"Type":"Question","QuestionID":"QID1"},{"Type":"Question","QuestionID":"QID3"}],"Options":{"BlockLocking":"false","RandomizeQuestions":"false","BlockVisibility":"Expanded"}},{"Type":"Trash","Description":"Trash \/ Unused Questions","ID":"BL_6n9QmdUU0PbPPzU","BlockElements":[],"Options":{"BlockLocking":"false","RandomizeQuestions":"false","BlockVisibility":"Expanded"}},{"Type":"Standard","SubType":"","Description":"demographics","ID":"BL_6FIZLn5Y06UnlZk","BlockElements":[{"Type":"Question","QuestionID":"QID6"},{"Type":"Question","QuestionID":"QID18"},{"Type":"Question","QuestionID":"QID20"},{"Type":"Question","QuestionID":"QID28"},{"Type":"Question","QuestionID":"QID30"},{"Type":"Question","QuestionID":"QID23"}],"Options":{"BlockLocking":"false","RandomizeQuestions":"false","BlockVisibility":"Expanded"}},{"Type":"Standard","SubType":"","Description":"Debrief\/Withdrawal","ID":"BL_9X2KVBbx21kbFfE","BlockElements":[{"Type":"Question","QuestionID":"QID1210794619"},{"Type":"Page Break"},{"Type":"Question","QuestionID":"QID1210794620"}],"Options":{"BlockLocking":false,"RandomizeQuestions":"false","BlockVisibility":"Expanded"}},{"Type":"Standard","SubType":"","Description":"qnaire_intro","ID":"BL_3CS7F9ipdpw8RRI","BlockElements":[{"Type":"Question","QuestionID":"QID7"}],"Options":{"BlockLocking":"false","RandomizeQuestions":"false","BlockVisibility":"Expanded"}},{"Type":"Standard","SubType":"","Description":"qnaire_a","ID":"BL_3PYPoOnaWIUV1Lo","BlockElements":[{"Type":"Question","QuestionID":"QID9"}],"Options":{"BlockLocking":"false","RandomizeQuestions":"false","BlockVisibility":"Expanded"}},{"Type":"Standard","SubType":"","Description":"qnaire_b","ID":"BL_8uHIPizec5VMij4","BlockElements":[{"Type":"Question","QuestionID":"QID31"}],"Options":{"BlockLocking":false,"RandomizeQuestions":"false","BlockVisibility":"Expanded"}}]},{"SurveyID":"SV_eKlnDbC8FELlZ3w","Element":"FL","PrimaryAttribute":"Survey Flow","SecondaryAttribute":null,"TertiaryAttribute":null,"Payload":{"Type":"Root","FlowID":"FL_1","Flow":[{"Type":"Block","ID":"BL_b1S6eDHAOC4NTwy","FlowID":"FL_2","Autofill":[]},{"Type":"Branch","FlowID":"FL_5","Description":"New Branch","BranchLogic":{"0":{"0":{"LogicType":"Question","QuestionID":"QID3","QuestionIsInLoop":"no","ChoiceLocator":"q:\/\/QID3\/SelectableChoice\/2","Operator":"Selected","QuestionIDFromLocator":"QID3","LeftOperand":"q:\/\/QID3\/SelectableChoice\/2","Type":"Expression","Description":"<span class=\"ConjDesc\">If<\/span> <span class=\"QuestionDesc\">Please indicate below whether you consent to participate in this study.<\/span> <span class=\"LeftOpDesc\">I DO NOT consent<\/span> <span class=\"OpDesc\">Is Selected<\/span> "},"Type":"If"},"Type":"BooleanExpression"},"Flow":[{"Type":"EndSurvey","FlowID":"FL_6"}]},{"Type":"Standard","ID":"BL_6FIZLn5Y06UnlZk","FlowID":"FL_3","Autofill":[]},{"Type":"Standard","ID":"BL_3CS7F9ipdpw8RRI","FlowID":"FL_7","Autofill":[]},{"Type":"BlockRandomizer","FlowID":"FL_14","SubSet":2,"EvenPresentation":true,"Flow":[{"Type":"Standard","ID":"BL_3PYPoOnaWIUV1Lo","FlowID":"FL_8","Autofill":[]},{"Type":"Standard","ID":"BL_8uHIPizec5VMij4","FlowID":"FL_18","Autofill":[]}]},{"Type":"Standard","ID":"BL_9X2KVBbx21kbFfE","FlowID":"FL_4","Autofill":[]}],"Properties":{"Count":18,"RemovedFieldsets":[]}}},{"SurveyID":"SV_eKlnDbC8FELlZ3w","Element":"PL","PrimaryAttribute":"Preview Link","SecondaryAttribute":null,"TertiaryAttribute":null,"Payload":{"PreviewType":"Brand","PreviewID":"75d21a94-8e18-4669-a705-93187f08f2df"}},{"SurveyID":"SV_eKlnDbC8FELlZ3w","Element":"RS","PrimaryAttribute":"RS_6LPPw9HvnPjrVlA","SecondaryAttribute":null,"TertiaryAttribute":null,"Payload":null},{"SurveyID":"SV_eKlnDbC8FELlZ3w","Element":"SO","PrimaryAttribute":"Survey Options","SecondaryAttribute":null,"TertiaryAttribute":null,"Payload":{"BackButton":"false","SaveAndContinue":"true","SurveyProtection":"PublicSurvey","BallotBoxStuffingPrevention":"false","NoIndex":"Yes","SecureResponseFiles":"true","SurveyExpiration":null,"SurveyTermination":"DefaultMessage","Header":"","Footer":"","ProgressBarDisplay":"None","PartialData":"+1 week","ValidationMessage":null,"PreviousButton":"","NextButton":"","SurveyTitle":"Qualtrics Survey | Qualtrics Experience Management","SkinLibrary":"universityofsussex","SkinType":"templated","Skin":{"brandingId":null,"templateId":"*2014","overrides":null},"NewScoring":1,"SurveyMetaDescription":"The most powerful, simple and trusted way to gather experience data. Start your journey to experience management and try a free account today.","ProtectSelectionIds":true,"EOSMessage":null,"ShowExportTags":"false","CollectGeoLocation":"false","PasswordProtection":"No","AnonymizeResponse":"Yes","RefererCheck":"No","BallotBoxStuffingPreventionBehavior":null,"BallotBoxStuffingPreventionMessage":null,"BallotBoxStuffingPreventionMessageLibrary":null,"BallotBoxStuffingPreventionURL":null,"RecaptchaV3":"true","ConfirmStart":false,"AutoConfirmStart":false,"RelevantID":"false","RelevantIDLockoutPeriod":"+30 days","UseCustomSurveyLinkCompletedMessage":null,"SurveyLinkCompletedMessage":null,"SurveyLinkCompletedMessageLibrary":null,"ResponseSummary":"No","EOSMessageLibrary":null,"EOSRedirectURL":null,"EmailThankYou":"false","ThankYouEmailMessageLibrary":null,"ThankYouEmailMessage":null,"ValidateMessage":"false","ValidationMessageLibrary":null,"InactiveSurvey":"DefaultMessage","PartialDeletion":null,"PartialDataCloseAfter":"LastActivity","InactiveMessageLibrary":null,"InactiveMessage":null,"AvailableLanguages":{"EN":[]},"SurveyLinkExpirationMessageType":"DefaultMessage","SurveyLinkExpirationMessage":null,"SurveyLinkExpirationMessageLibrary":null,"SurveyName":"Dissertation Template"}},{"SurveyID":"SV_eKlnDbC8FELlZ3w","Element":"SCO","PrimaryAttribute":"Scoring","SecondaryAttribute":null,"TertiaryAttribute":null,"Payload":{"ScoringCategories":[],"ScoringCategoryGroups":[],"ScoringSummaryCategory":null,"ScoringSummaryAfterQuestions":0,"ScoringSummaryAfterSurvey":0,"DefaultScoringCategory":null,"AutoScoringCategory":null}},{"SurveyID":"SV_eKlnDbC8FELlZ3w","Element":"PROJ","PrimaryAttribute":"CORE","SecondaryAttribute":null,"TertiaryAttribute":"1.1.0","Payload":{"ProjectCategory":"CORE","SchemaVersion":"1.1.0"}},{"SurveyID":"SV_eKlnDbC8FELlZ3w","Element":"STAT","PrimaryAttribute":"Survey Statistics","SecondaryAttribute":null,"TertiaryAttribute":null,"Payload":{"MobileCompatible":true,"ID":"Survey Statistics"}},{"SurveyID":"SV_eKlnDbC8FELlZ3w","Element":"QC","PrimaryAttribute":"Survey Question Count","SecondaryAttribute":"31","TertiaryAttribute":null,"Payload":null},{"SurveyID":"SV_eKlnDbC8FELlZ3w","Element":"SQ","PrimaryAttribute":"QID28","SecondaryAttribute":"Are you currently a university student?","TertiaryAttribute":null,"Payload":{"QuestionText":"Are you currently a university student?<br>","DefaultChoices":false,"DataExportTag":"demo_uni","QuestionType":"MC","Selector":"SAVR","SubSelector":"TX","Configuration":{"QuestionDescriptionOption":"UseText"},"QuestionDescription":"Are you currently a university student?","Choices":{"1":{"Display":"Yes, at the University of Sussex"},"2":{"Display":"Yes, at another university (please add below):","TextEntry":"true"},"3":{"Display":"No, I am not currently a university student"}},"ChoiceOrder":[1,2,3],"Validation":{"Settings":{"ForceResponse":"RequestResponse","ForceResponseType":"RequestResponse","Type":"None"}},"GradingData":[],"Language":[],"NextChoiceId":4,"NextAnswerId":1,"QuestionID":"QID28","DataVisibility":{"Private":false,"Hidden":false}}},{"SurveyID":"SV_eKlnDbC8FELlZ3w","Element":"SQ","PrimaryAttribute":"QID1","SecondaryAttribute":"Consent Please tick each of the following statements to indicate that you have read and understoo...","TertiaryAttribute":null,"Payload":{"QuestionText":"<h1>Consent<\/h1>\nPlease tick each of the following statements to indicate that you have read and understood them.","DataExportTag":"consent_statements","QuestionType":"MC","Selector":"MAVR","SubSelector":"TX","Configuration":{"QuestionDescriptionOption":"UseText"},"QuestionDescription":"Consent Please tick each of the following statements to indicate that you have read and understoo...","Choices":{"1":{"Display":"I understand that by consenting below I am agreeing to take part in the University of Sussex research described here, and that I have read and understood this information sheet."},"2":{"Display":"I understand that my participation is entirely voluntary, that I can choose not to participate in part or all of the study, and that I can withdraw at any stage without having to give a reason and without being penalised in any way (e.g., if I am a student, my decision whether or not to take part will not affect my grades)."},"3":{"Display":"I understand that since the study is anonymous, it will be impossible to withdraw my data once I have completed and submitted the test\/questionnaire."},"4":{"Display":"I consent to the processing of my personal information for the purposes of this research study. I understand that such information will be treated as strictly confidential (subject to legal limitations) and handled in accordance with data protection legislation."},"5":{"Display":"I understand that my collected data will be stored in a de-identified way (e.g. using ID numbers not names), and kept separate from any other details about me. Electronic data will be stored securely on a University server, and hard-copies will be stored behind a locked door."},"6":{"Display":"I understand that no information I disclose will lead to the identification of any individual either by the researchers or by any other party."}},"ChoiceOrder":[1,2,3,4,5,6],"Validation":{"Settings":{"ForceResponse":"ON","ForceResponseType":"ON","Type":"MinChoices","MinChoices":"6"}},"Language":[],"NextChoiceId":7,"NextAnswerId":1,"QuestionID":"QID1","DataVisibility":{"Private":false,"Hidden":false}}},{"SurveyID":"SV_eKlnDbC8FELlZ3w","Element":"SQ","PrimaryAttribute":"QID1210794619","SecondaryAttribute":"Debrief Information Thank you very much for taking part in our research! \u00a0 Research Aims We are h..","TertiaryAttribute":null,"Payload":{"QuestionText":"<div>\n<h1>Debrief Information<\/h1>\n\n<div>Thank you very much for taking part in our research!<\/div>\n\n<div>&nbsp;<\/div>\n\n<h2>Research Aims<\/h2>\n\n<div>We are hoping to learn more about [clearly and briefly explain the key questions and goals for this research]. <br><\/div><div><br><h2>Support for mental health<\/h2>\n\n<div>If you have been affected by the topics of this study or by the questions you've just seen, and you would like to speak to someone, please reach out to the following services:<br>\n<br>\nIf you are a student at the University of Sussex, you can contact the <a href=\"https:\/\/www.sussex.ac.uk\/counselling\/\">Counselling Service<\/a> for access to therapy, or see <a href=\"http:\/\/www.sussex.ac.uk\/wellbeing\/mentalhealth\/resources\/campus\">Health and Wellbeing<\/a> for more resources.<br>\n<br>\nOutside of the University of Sussex, the <a href=\"https:\/\/www.mind.org.uk\/information-support\/guides-to-support-and-services\/seeking-help-for-a-mental-health-problem\/where-to-start\/\">Mind mental health charity<\/a> has a variety of resources for help and advice.<\/div>\n\n<div>&nbsp;<\/div>\n\n<h2>What will happen to the results and my personal information?<\/h2>\n\n<div>This data for this research has been collected for analysis as part of dissertation projects for final year students in the School of Psychology, University of Sussex. As part of the requirements of their degree, the students will analyse and write up the results of the collected data in a formal, marked report. The data may also be used for teaching purposes, such as providing examples in lectures or for practising data analysis; and may also be written up for publication in academic journals.<\/div>\n\n<div>&nbsp;<\/div>\n\n<div>As previously stated, all data is entirely anonymous. All of your responses thus far have been recorded and saved, so if you are happy for your data to be included in the analysis, you can close this window at any time.\n<h1>Prize Draw<\/h1>\n\n<p>If you would like to be entered into the [pound amount] prize draw, please click the following link to enter your email address. Don't worry \u2013 this page will remain open, but please ensure to follow the link below before selecting \u201csubmit survey\u201d if you would like to be entered into the draw!&nbsp;<\/p>\n\n<p><br>\n<span style=\"border-block: unset; border-inline: unset; border-start-start-radius: unset; border-start-end-radius: unset; border-end-start-radius: unset; border-end-end-radius: unset; overflow-inline: unset; overflow-block: unset; overscroll-behavior-inline: unset; overscroll-behavior-block: unset; margin-block: unset; margin-inline: unset; scroll-margin-block: unset; scroll-margin-inline: unset; padding-block: unset; padding-inline: unset; scroll-padding-block: unset; scroll-padding-inline: unset; inset-block: unset; inset-inline: unset; block-size: unset; min-block-size: unset; max-block-size: unset; inline-size: unset; min-inline-size: unset; max-inline-size: unset; background: unset; background-blend-mode: unset; border: unset; border-radius: unset; box-decoration-break: unset; -moz-float-edge: unset; display: unset; position: fixed; float: unset; clear: unset; vertical-align: unset; overflow: unset; overflow-anchor: unset; transform: unset; rotate: unset; scale: unset; translate: unset; offset: unset; scroll-behavior: unset; scroll-snap-align: unset; scroll-snap-type: unset; scroll-snap-stop: unset; overscroll-behavior: unset; isolation: unset; break-after: unset; break-before: unset; break-inside: unset; resize: unset; perspective: unset; perspective-origin: unset; backface-visibility: unset; transform-box: unset; transform-style: unset; transform-origin: unset; contain: unset; appearance: unset; -moz-orient: unset; will-change: unset; shape-image-threshold: unset; shape-margin: unset; shape-outside: unset; touch-action: unset; -webkit-line-clamp: unset; scrollbar-gutter: unset; columns: unset; column-fill: unset; column-rule: unset; column-span: unset; content: unset; counter-increment: unset; counter-reset: unset; counter-set: unset; opacity: unset; box-shadow: unset; clip: rect(0px, 0px, 0px, 0px); filter: unset; backdrop-filter: unset; mix-blend-mode: unset; font: unset; font-synthesis: unset; visibility: unset; writing-mode: unset; text-orientation: unset; print-color-adjust: unset; image-rendering: unset; image-orientation: unset; dominant-baseline: unset; text-anchor: unset; color-interpolation: unset; color-interpolation-filters: unset; fill: unset; fill-opacity: unset; fill-rule: unset; shape-rendering: unset; stroke: unset; stroke-width: unset; stroke-linecap: unset; stroke-linejoin: unset; stroke-miterlimit: unset; stroke-opacity: unset; stroke-dasharray: unset; stroke-dashoffset: unset; clip-rule: unset; marker: unset; paint-order: unset; border-collapse: unset; empty-cells: unset; caption-side: unset; border-spacing: unset; color: unset; text-transform: unset; hyphens: unset; -moz-text-size-adjust: unset; text-indent: unset; overflow-wrap: unset; word-break: unset; text-justify: unset; text-align-last: unset; text-align: unset; letter-spacing: unset; word-spacing: unset; white-space: pre; text-shadow: unset; text-emphasis: unset; text-emphasis-position: unset; tab-size: unset; line-break: unset; -webkit-text-fill-color: unset; -webkit-text-stroke: unset; ruby-align: unset; ruby-position: unset; text-combine-upright: unset; text-rendering: unset; text-underline-offset: unset; text-underline-position: unset; text-decoration-skip-ink: unset; hyphenate-character: unset; cursor: unset; pointer-events: unset; -moz-user-input: unset; -moz-user-modify: unset; -moz-user-focus: unset; caret-color: unset; accent-color: unset; color-scheme: unset; scrollbar-color: unset; list-style: unset; quotes: unset; -moz-image-region: unset; margin: unset; overflow-clip-margin: unset; scroll-margin: unset; outline: unset; outline-offset: unset; size: unset; padding: unset; scroll-padding: unset; top: 0px; right: unset; bottom: unset; left: unset; z-index: unset; flex-flow: unset; place-content: unset; place-items: unset; flex: unset; place-self: unset; order: unset; width: unset; min-width: unset; max-width: unset; height: unset; min-height: unset; max-height: unset; box-sizing: unset; object-fit: unset; object-position: unset; grid-area: unset; grid: unset; gap: unset; aspect-ratio: unset; vector-effect: unset; stop-color: unset; stop-opacity: unset; flood-color: unset; flood-opacity: unset; lighting-color: unset; mask-type: unset; clip-path: unset; mask: unset; x: unset; y: unset; cx: unset; cy: unset; rx: unset; ry: unset; r: unset; d: unset; table-layout: unset; text-overflow: unset; text-decoration: unset; ime-mode: unset; scrollbar-width: unset; user-select: text; -moz-window-dragging: unset; -moz-force-broken-image-icon: unset; transition: unset; animation: unset; -moz-box-align: unset; -moz-box-direction: unset; -moz-box-flex: unset; -moz-box-orient: unset; -moz-box-pack: unset; -moz-box-ordinal-group: unset;\">https:\/\/universityofsussex.eu.qualtrics.com\/jfe\/form\/SV_eJpyk2NCUKHhJJQhttps:\/\/universityofsussex.eu.qualtrics.com\/jfe\/form\/SV_eJpyk2NCUKHhJJQhttps:\/\/universityofsussex.eu.qualtrics.com\/jfe\/form\/SV_eJpyk2NCUKHhJJQ<\/span>Click here to submit your email address for the prize draw [update this link to point to a new, separate Qualtrics survey that only has a single question collecting email addresses]<\/p>\n\n<p>&nbsp;<\/p>\n\n<p>To ensure confidentiality, this is a separate&nbsp;survey, therefore your email address will remain separate&nbsp;from the rest of your data; it will not be possible to connect your email address to your responses on this survey. The prize draw will be conducted when our data collection has finished in [month and year], and all email addresses will be deleted from the system once it has taken place.<\/p>\n<\/div>\n\n<h1>Option to withdraw<\/h1>\n\n<div>If at this point you would like to withdraw your responses for any reason so they are not included in any of the analyses, please enter the word \u201cWITHDRAW\u201d in the text box below and click \u201cNext\u201d. We will permanently delete your data before any analysis begins.<\/div>\n<\/div>\n<\/div>","DefaultChoices":false,"QuestionType":"TE","Selector":"SL","DataVisibility":{"Private":false,"Hidden":false},"Configuration":{"QuestionDescriptionOption":"UseText"},"QuestionDescription":"Debrief Information Thank you very much for taking part in our research! \u00a0 Research Aims We are h...","Validation":{"Settings":{"ForceResponse":"OFF","ForceResponseType":"ON","Type":"None"}},"GradingData":[],"Language":[],"NextChoiceId":4,"NextAnswerId":1,"SearchSource":{"AllowFreeResponse":"false"},"QuestionText_Unsafe":"<div><div>DEBRIEF INFORMATION<\/div><div>Thank you very much for taking part in our research!<\/div><div><br><\/div><div>RESEARCH AIMS<\/div><div>We are hoping to learn more about how people define gender and sexuality.<\/div><div><br><\/div><div>WHAT WILL HAPPEN TO THE RESULTS AND MY PERSONAL INFORMATION?<\/div><div>This data for this research has been collected for the module Analysing data (module code C8891) at the School of Psychology, University of Sussex. As part of the requirements of the module, students will analyse the data during practical classes. In addition, the anonymous data may be&nbsp;published in a scientific journal.&nbsp;<\/div><div><br><\/div><div>As previously stated, all data is entirely anonymous and will be held in strict confidentiality. All of your responses thus far have been recorded and saved, so if you are happy for your data to be included in the analysis, you can close this window at any time.<\/div><div><br><\/div><div>OPTION TO WITHDRAW<\/div><div>If at this point you would like to withdraw your responses for any reason so they are not included in any of the analyses, please enter the word \"WITHDRAW\" in the text box below and click \"Next\". We will permanently delete your data before any analysis begins.<\/div><div><br><\/div><\/div>If you would like to withdraw, please enter the word \"WITHDRAW\" in the box below.","DataExportTag":"debrief","QuestionID":"QID1210794619"}},{"SurveyID":"SV_eKlnDbC8FELlZ3w","Element":"SQ","PrimaryAttribute":"QID23","SecondaryAttribute":"demo_ladder","TertiaryAttribute":null,"Payload":{"QuestionText":"Click to write the question text","DefaultChoices":false,"DataExportTag":"demo_ladder","QuestionType":"MC","Selector":"SAVR","SubSelector":"TX","Configuration":{"QuestionDescriptionOption":"SpecifyLabel"},"QuestionDescription":"demo_ladder","Choices":{"1":{"Display":"10"},"2":{"Display":"9"},"3":{"Display":"8"},"4":{"Display":"7"},"5":{"Display":"6"},"6":{"Display":"5"},"7":{"Display":"4"},"8":{"Display":"3"},"9":{"Display":"2"},"10":{"Display":"1"},"11":{"Display":"Not applicable"},"12":{"Display":"Prefer not to say"}},"ChoiceOrder":[1,2,3,4,5,6,7,8,9,10,11,12],"Validation":{"Settings":{"ForceResponse":"ON","ForceResponseType":"ON","Type":"None"}},"GradingData":[],"Language":[],"NextChoiceId":13,"NextAnswerId":1,"QuestionID":"QID23","AnalyzeChoices":{"11":"on"},"DataVisibility":{"Private":false,"Hidden":false},"RecodeValues":{"1":"10","2":"9","3":"8","4":"7","5":"6","6":"5","7":"4","8":"3","9":"2","10":"1","11":"98","12":"99"}}},{"SurveyID":"SV_eKlnDbC8FELlZ3w","Element":"SQ","PrimaryAttribute":"QID7","SecondaryAttribute":"In the next pages, you will see several different questionnaires. For each questionnaire, please...","TertiaryAttribute":null,"Payload":{"QuestionText":"<div>In the next pages, you will see several different questionnaires. For each questionnaire, please read each statement carefully and select the response that best reflects your experience or opinion. Please be aware that the response options may differ between questionnaires.<\/div><div><br><\/div><div>Please click \"Next\" to proceed to the questionnaires.<br><\/div>","DefaultChoices":false,"DataExportTag":"qnaire_text","QuestionType":"DB","Selector":"TB","Configuration":{"QuestionDescriptionOption":"UseText"},"QuestionDescription":"In the next pages, you will see several different questionnaires. For each questionnaire, please...","ChoiceOrder":[],"Validation":{"Settings":{"Type":"None"}},"GradingData":[],"Language":[],"NextChoiceId":4,"NextAnswerId":1,"QuestionID":"QID7","DataVisibility":{"Private":false,"Hidden":false}}},{"SurveyID":"SV_eKlnDbC8FELlZ3w","Element":"SQ","PrimaryAttribute":"QID3","SecondaryAttribute":"Please indicate below whether you consent to participate in this study.","TertiaryAttribute":null,"Payload":{"QuestionText":"Please indicate below whether you consent to participate in this study.<br>","DefaultChoices":false,"DataExportTag":"consent","QuestionType":"MC","Selector":"SAVR","SubSelector":"TX","Configuration":{"QuestionDescriptionOption":"UseText"},"QuestionDescription":"Please indicate below whether you consent to participate in this study.","Choices":{"1":{"Display":"I consent"},"2":{"Display":"I DO NOT consent"}},"ChoiceOrder":[1,2],"Validation":{"Settings":{"ForceResponse":"ON","ForceResponseType":"ON","Type":"None"}},"GradingData":[],"Language":[],"NextChoiceId":3,"NextAnswerId":1,"QuestionID":"QID3","DataVisibility":{"Private":false,"Hidden":false}}},{"SurveyID":"SV_eKlnDbC8FELlZ3w","Element":"SQ","PrimaryAttribute":"QID9","SecondaryAttribute":"Please indicate the extent to which you agree or disagree with each of the following statements.","TertiaryAttribute":null,"Payload":{"QuestionText":"Please indicate the extent to which you agree or disagree with each of the following statements.","DefaultChoices":false,"DataExportTag":"qnaire_a","QuestionType":"Matrix","Selector":"Likert","SubSelector":"SingleAnswer","Configuration":{"QuestionDescriptionOption":"UseText","TextPosition":"inline","ChoiceColumnWidth":25,"RepeatHeaders":"none","WhiteSpace":"OFF","MobileFirst":true,"Autoscale":{"XScale":{"Name":"agreeDisagree","Type":"likert","Reverse":false}}},"QuestionDescription":"Please indicate the extent to which you agree or disagree with each of the following statements.","Choices":{"2":{"Display":"Add each item here and edit the response scale to create a matrix of questionnaire responses."}},"ChoiceOrder":[2],"Validation":{"Settings":{"ForceResponse":"RequestResponse","ForceResponseType":"RequestResponse","Type":"None"}},"GradingData":[],"Language":[],"NextChoiceId":16,"NextAnswerId":12,"Answers":{"7":{"Display":"Strongly disagree"},"8":{"Display":"Somewhat disagree"},"9":{"Display":"Neither agree nor disagree"},"10":{"Display":"Somewhat agree"},"11":{"Display":"Strongly agree"}},"AnswerOrder":["7","8","9","10","11"],"ChoiceDataExportTags":false,"QuestionID":"QID9","DataVisibility":{"Private":false,"Hidden":false},"Randomization":{"Advanced":null,"TotalRandSubset":"","Type":"All"}}},{"SurveyID":"SV_eKlnDbC8FELlZ3w","Element":"SQ","PrimaryAttribute":"QID31","SecondaryAttribute":"Please indicate the extent to which you agree or disagree with each of the following statements.","TertiaryAttribute":null,"Payload":{"QuestionText":"Please indicate the extent to which you agree or disagree with each of the following statements.","DefaultChoices":false,"QuestionType":"Matrix","Selector":"Likert","SubSelector":"SingleAnswer","Configuration":{"QuestionDescriptionOption":"UseText","TextPosition":"inline","ChoiceColumnWidth":25,"RepeatHeaders":"none","WhiteSpace":"OFF","MobileFirst":true,"Autoscale":{"XScale":{"Name":"agreeDisagree","Type":"likert","Reverse":false}}},"QuestionDescription":"Please indicate the extent to which you agree or disagree with each of the following statements.","Choices":{"2":{"Display":"Add each item here and edit the response scale to create a matrix of questionnaire responses."}},"ChoiceOrder":[2],"Validation":{"Settings":{"ForceResponse":"RequestResponse","ForceResponseType":"RequestResponse","Type":"None"}},"GradingData":[],"Language":[],"NextChoiceId":16,"NextAnswerId":12,"Answers":{"7":{"Display":"Strongly disagree"},"8":{"Display":"Somewhat disagree"},"9":{"Display":"Neither agree nor disagree"},"10":{"Display":"Somewhat agree"},"11":{"Display":"Strongly agree"}},"AnswerOrder":["7","8","9","10","11"],"ChoiceDataExportTags":false,"DataVisibility":{"Private":false,"Hidden":false},"Randomization":{"Advanced":null,"TotalRandSubset":"","Type":"All"},"QuestionText_Unsafe":"Please indicate the extent to which you agree or disagree with each of the following statements.","DataExportTag":"qnaire_b","QuestionID":"QID31"}},{"SurveyID":"SV_eKlnDbC8FELlZ3w","Element":"SQ","PrimaryAttribute":"QID2","SecondaryAttribute":"Study Information You are being invited to take part in a research study to further our understan...","TertiaryAttribute":null,"Payload":{"QuestionText":"<h1>Study Information<\/h1>\nYou are being invited to take part in a research study to further our understanding of [main idea\/research question]. Thank you for carefully reading this information sheet, a copy of which you can keep for your records.<br><div>\nThis study is being conducted by student researchers [your name(s)], with project supervisor [supervisor name] from the School of Psychology, University of Sussex, who are happy to be contacted ([supervisor email]) if you have any questions.<\/div><div><br>\n<\/div><h2>Why have I been invited to take part and what will I do?<\/h2><div>\nWe are recruiting [how many] people from [which population] to participate in a survey that will take around [how long] to complete. For this survey, you will be asked to [brief description of the questions or tasks that participants will see\/complete].<br><\/div><div><br><\/div><h2>What will happen to the results and my personal information?<\/h2><div>\nThe results of this research may be written into a scientific report for a Psychology dissertation and\/or publication. Anonymous data may also be used for teaching purposes. We anticipate being able to provide a summary of our findings on request from [date approximately 1 month after your dissertation submission deadline, e.g. 1 June] (contact [supervisor] at [supervisor's email]). Your anonymity will be ensured in the way described in the consent information below. Please read this information carefully and then, if you wish to take part, please indicate to show you have fully understood this sheet, and that you consent to take part in the study as it is described here. <br><\/div><div><br><\/div><h2>Who can I contact about this study?<\/h2>\nFor further information about this research please contact the project supervisor,  [supervisor] ([supervisor's email]). This research has been approved ([ethics application number(s)]) by the School of Psychology, University of Sussex. If you have any ethical concerns, please contact the project supervisor, [supervisor] ([supervisor's email]). The University of Sussex has insurance in place to cover its legal liabilities in respect of this study.","DefaultChoices":false,"DataExportTag":"info_text","QuestionType":"DB","Selector":"TB","Configuration":{"QuestionDescriptionOption":"UseText"},"QuestionDescription":"Study Information You are being invited to take part in a research study to further our understan...","ChoiceOrder":[],"Validation":{"Settings":{"Type":"None"}},"GradingData":[],"Language":[],"NextChoiceId":8,"NextAnswerId":1,"QuestionID":"QID2","DataVisibility":{"Private":false,"Hidden":false}}},{"SurveyID":"SV_eKlnDbC8FELlZ3w","Element":"SQ","PrimaryAttribute":"QID6","SecondaryAttribute":"Thank you for agreeing to take part! First, we would like to collect some demographic information...","TertiaryAttribute":null,"Payload":{"QuestionText":"<div>Thank you for agreeing to take part!<\/div><div><br><\/div><div>First, we would like to collect some demographic information. Please answer the questions below.<\/div>","DefaultChoices":false,"DataExportTag":"demo_text","QuestionType":"DB","Selector":"TB","Configuration":{"QuestionDescriptionOption":"UseText"},"QuestionDescription":"Thank you for agreeing to take part! First, we would like to collect some demographic information...","ChoiceOrder":[],"Validation":{"Settings":{"Type":"None"}},"GradingData":[],"Language":[],"NextChoiceId":9,"NextAnswerId":1,"QuestionID":"QID6","DataVisibility":{"Private":false,"Hidden":false}}},{"SurveyID":"SV_eKlnDbC8FELlZ3w","Element":"SQ","PrimaryAttribute":"QID30","SecondaryAttribute":"Think of the numbers below as a ladder as representing where people stand in society. At the top...","TertiaryAttribute":null,"Payload":{"QuestionText":"Think of the numbers below as a ladder as representing where people stand in society. At the top of the ladder are people who are the best off, those who have the most money, most education, and best jobs. At the bottom are those who have the least money, the least education, the worst jobs or no job.\n\nPlease select the number of the rung that best represents where you think the family in which you grew up (birth or adoptive) stood on the ladder during your childhood and adolescence (from birth to 18 years old).","DefaultChoices":false,"DataExportTag":"demo_ladder_text","QuestionID":"QID30","QuestionType":"DB","Selector":"TB","Configuration":{"QuestionDescriptionOption":"UseText"},"QuestionDescription":"Think of the numbers below as a ladder as representing where people stand in society. At the top...","ChoiceOrder":[],"Validation":{"Settings":{"Type":"None"}},"GradingData":[],"Language":[],"NextChoiceId":4,"NextAnswerId":1}},{"SurveyID":"SV_eKlnDbC8FELlZ3w","Element":"SQ","PrimaryAttribute":"QID18","SecondaryAttribute":"What gender do you identify as?","TertiaryAttribute":null,"Payload":{"QuestionText":"What gender do you identify as?<br>","DefaultChoices":false,"DataExportTag":"demo_gender","QuestionType":"MC","Selector":"SAVR","SubSelector":"TX","Configuration":{"QuestionDescriptionOption":"UseText","Autoscale":{"YScale":{"Name":"maleFemale","Type":"likert","Reverse":false}}},"QuestionDescription":"What gender do you identify as?","Choices":{"1":{"Display":"Male"},"2":{"Display":"Female"},"3":{"Display":"Non-binary \/ third gender"},"4":{"Display":"Prefer not to say"},"5":{"Display":"Other"}},"ChoiceOrder":["1","2","3","5","4"],"Validation":{"Settings":{"ForceResponse":"RequestResponse","ForceResponseType":"RequestResponse","Type":"None"}},"GradingData":[],"Language":[],"NextChoiceId":6,"NextAnswerId":1,"QuestionID":"QID18","DataVisibility":{"Private":false,"Hidden":false},"RecodeValues":{"1":"1","2":"2","3":"3","4":"5","5":"4"}}},{"SurveyID":"SV_eKlnDbC8FELlZ3w","Element":"SQ","PrimaryAttribute":"QID20","SecondaryAttribute":"What is your current age in years?","TertiaryAttribute":null,"Payload":{"QuestionText":"What is your current age in years?<br>","DefaultChoices":false,"DataExportTag":"demo_age","QuestionType":"TE","Selector":"SL","Configuration":{"QuestionDescriptionOption":"UseText"},"QuestionDescription":"What is your current age in years?","Validation":{"Settings":{"ForceResponse":"RequestResponse","ForceResponseType":"RequestResponse","Type":"ContentType","MinChars":"1","ContentType":"ValidNumber","ValidDateType":"DateWithFormat","ValidPhoneType":"ValidUSPhone","ValidZipType":"ValidUSZip","ValidNumber":{"Min":"","Max":"","NumDecimals":""}}},"GradingData":[],"Language":[],"NextChoiceId":4,"NextAnswerId":1,"SearchSource":{"AllowFreeResponse":"false"},"QuestionID":"QID20"}},{"SurveyID":"SV_eKlnDbC8FELlZ3w","Element":"SQ","PrimaryAttribute":"QID1210794620","SecondaryAttribute":"You have chosen to withdraw from the study. We will permanently delete your data before any analy...","TertiaryAttribute":null,"Payload":{"QuestionText":"<p>You have chosen to withdraw from the study. We will permanently delete your data before any analysis begins.<br><\/p><p><br><\/p><p>If you have any\nfurther questions or concerns about your ethical rights, please visit the\nUniversity of Sussex Research Governance website\n(http:\/\/www.sussex.ac.uk\/staff\/research\/governance\/research-integrity). You can\nalso email&nbsp;[supervisor] ([supervisor's email]) for more information.<br><\/p>\n\n<p>&nbsp;<\/p>\n\n<p>You can now\nclose this page.<\/p>\n\n<p>&nbsp;<\/p>","DefaultChoices":false,"QuestionType":"DB","Selector":"TB","DataVisibility":{"Private":false,"Hidden":false},"Configuration":{"QuestionDescriptionOption":"UseText"},"QuestionDescription":"You have chosen to withdraw from the study. We will permanently delete your data before any analy...","ChoiceOrder":[],"Validation":{"Settings":{"Type":"None"}},"GradingData":[],"Language":[],"NextChoiceId":4,"NextAnswerId":1,"QuestionText_Unsafe":"<p>If you have any\nfurther questions or concerns about your ethical rights, please visit the\nUniversity of Sussex Research Governance website\n(http:\/\/www.sussex.ac.uk\/staff\/research\/governance\/research-integrity). You can\nalso email&nbsp;Dr&nbsp;Mankin\n(j.mankin@sussex.ac.uk), Dr&nbsp;Val\u00e1\u0161ek (M.Valasek@sussex.ac.uk), or\nDr&nbsp;Atkinson (r.atkinson@sussex.ac.uk).<o:p><\/o:p><\/p>\n\n<p><o:p>&nbsp;<\/o:p><\/p>\n\n<p>You can now\nclose this page.<o:p><\/o:p><\/p>\n\n<p><o:p>&nbsp;<\/o:p><\/p>","DataExportTag":"debrief_confirm","QuestionID":"QID1210794620"}}]}